
Microsoft Visual Studio Solution File, Format Version 12.00
# Visual Studio 14
VisualStudioVersion = 14.0.25123.0
MinimumVisualStudioVersion = 10.0.40219.1
Project("{FAE04EC0-301F-11D3-BF4B-00C04F79EFBC}") = "幸福螺絲起子", "幸福螺絲起子\幸福螺絲起子.csproj", "{04FB1DD6-E910-4754-8CFD-2AC1FD3BE9DF}"
EndProject
Project("{FAE04EC0-301F-11D3-BF4B-00C04F79EFBC}") = "幸福螺絲起子配件", "幸福螺絲起子配件\幸福螺絲起子配件.csproj", "{11712F87-7445-4892-8AF7-EFE66B2A1B50}"
EndProject
Global
	GlobalSection(SolutionConfigurationPlatforms) = preSolution
		Debug|Any CPU = Debug|Any CPU
		Release|Any CPU = Release|Any CPU
	EndGlobalSection
	GlobalSection(ProjectConfigurationPlatforms) = postSolution
		{04FB1DD6-E910-4754-8CFD-2AC1FD3BE9DF}.Debug|Any CPU.ActiveCfg = Debug|Any CPU
		{04FB1DD6-E910-4754-8CFD-2AC1FD3BE9DF}.Debug|Any CPU.Build.0 = Debug|Any CPU
		{04FB1DD6-E910-4754-8CFD-2AC1FD3BE9DF}.Release|Any CPU.ActiveCfg = Release|Any CPU
		{04FB1DD6-E910-4754-8CFD-2AC1FD3BE9DF}.Release|Any CPU.Build.0 = Release|Any CPU
		{11712F87-7445-4892-8AF7-EFE66B2A1B50}.Debug|Any CPU.ActiveCfg = Debug|Any CPU
		{11712F87-7445-4892-8AF7-EFE66B2A1B50}.Debug|Any CPU.Build.0 = Debug|Any CPU
		{11712F87-7445-4892-8AF7-EFE66B2A1B50}.Release|Any CPU.ActiveCfg = Release|Any CPU
		{11712F87-7445-4892-8AF7-EFE66B2A1B50}.Release|Any CPU.Build.0 = Release|Any CPU
	EndGlobalSection
	GlobalSection(SolutionProperties) = preSolution
		HideSolutionNode = FALSE
	EndGlobalSection
EndGlobal
